
Microsoft Visual Studio Solution File, Format Version 12.00
# Visual Studio Version 17
VisualStudioVersion = 17.8.34525.116
MinimumVisualStudioVersion = 10.0.40219.1
Project("{9A19103F-16F7-4668-BE54-9A1E7A4F7556}") = "Ex01", "Ex-01\Ex01.csproj", "{BE9D553C-F42D-467B-86B9-549F8808B322}"
EndProject
Project("{9A19103F-16F7-4668-BE54-9A1E7A4F7556}") = "Ex02", "Ex-02\Ex02.csproj", "{298DE517-4A8B-4B51-AF33-4C00579882F9}"
EndProject
Project("{FAE04EC0-301F-11D3-BF4B-00C04F79EFBC}") = "Ex03", "Ex-03\Ex03.csproj", "{97874C2F-AD4B-4F04-A65C-78F309A56F39}"
EndProject
Project("{FAE04EC0-301F-11D3-BF4B-00C04F79EFBC}") = "Ex04", "Ex-04\Ex04.csproj", "{3C19E3EB-FB66-4709-AD4F-35E83073BE36}"
EndProject
Project("{FAE04EC0-301F-11D3-BF4B-00C04F79EFBC}") = "Ex05", "Ex-05\Ex05.csproj", "{3744EB2B-F8BD-48E1-A655-B3D57B283A15}"
EndProject
Global
	GlobalSection(SolutionConfigurationPlatforms) = preSolution
		Debug|Any CPU = Debug|Any CPU
		Release|Any CPU = Release|Any CPU
	EndGlobalSection
	GlobalSection(ProjectConfigurationPlatforms) = postSolution
		{BE9D553C-F42D-467B-86B9-549F8808B322}.Debug|Any CPU.ActiveCfg = Debug|Any CPU
		{BE9D553C-F42D-467B-86B9-549F8808B322}.Debug|Any CPU.Build.0 = Debug|Any CPU
		{BE9D553C-F42D-467B-86B9-549F8808B322}.Release|Any CPU.ActiveCfg = Release|Any CPU
		{BE9D553C-F42D-467B-86B9-549F8808B322}.Release|Any CPU.Build.0 = Release|Any CPU
		{298DE517-4A8B-4B51-AF33-4C00579882F9}.Debug|Any CPU.ActiveCfg = Debug|Any CPU
		{298DE517-4A8B-4B51-AF33-4C00579882F9}.Debug|Any CPU.Build.0 = Debug|Any CPU
		{298DE517-4A8B-4B51-AF33-4C00579882F9}.Release|Any CPU.ActiveCfg = Release|Any CPU
		{298DE517-4A8B-4B51-AF33-4C00579882F9}.Release|Any CPU.Build.0 = Release|Any CPU
		{97874C2F-AD4B-4F04-A65C-78F309A56F39}.Debug|Any CPU.ActiveCfg = Debug|Any CPU
		{97874C2F-AD4B-4F04-A65C-78F309A56F39}.Debug|Any CPU.Build.0 = Debug|Any CPU
		{97874C2F-AD4B-4F04-A65C-78F309A56F39}.Release|Any CPU.ActiveCfg = Release|Any CPU
		{97874C2F-AD4B-4F04-A65C-78F309A56F39}.Release|Any CPU.Build.0 = Release|Any CPU
		{3C19E3EB-FB66-4709-AD4F-35E83073BE36}.Debug|Any CPU.ActiveCfg = Debug|Any CPU
		{3C19E3EB-FB66-4709-AD4F-35E83073BE36}.Debug|Any CPU.Build.0 = Debug|Any CPU
		{3C19E3EB-FB66-4709-AD4F-35E83073BE36}.Release|Any CPU.ActiveCfg = Release|Any CPU
		{3C19E3EB-FB66-4709-AD4F-35E83073BE36}.Release|Any CPU.Build.0 = Release|Any CPU
		{3744EB2B-F8BD-48E1-A655-B3D57B283A15}.Debug|Any CPU.ActiveCfg = Debug|Any CPU
		{3744EB2B-F8BD-48E1-A655-B3D57B283A15}.Debug|Any CPU.Build.0 = Debug|Any CPU
		{3744EB2B-F8BD-48E1-A655-B3D57B283A15}.Release|Any CPU.ActiveCfg = Release|Any CPU
		{3744EB2B-F8BD-48E1-A655-B3D57B283A15}.Release|Any CPU.Build.0 = Release|Any CPU
	EndGlobalSection
	GlobalSection(SolutionProperties) = preSolution
		HideSolutionNode = FALSE
	EndGlobalSection
	GlobalSection(ExtensibilityGlobals) = postSolution
		SolutionGuid = {C080D730-0B5D-4988-87D9-00DE39E8FD85}
	EndGlobalSection
EndGlobal
